{
    "_meta": {
        "hash": {
            "sha256": "257efc24e712c17d29fcee76e3cb7c719e4c75227764d75ada3675a2c1fc79be"
        },
        "pipfile-spec": 6,
        "requires": {
            "python_version": "3.10"
        },
        "sources": [
            {
                "name": "pypi",
                "url": "https://pypi.org/simple",
                "verify_ssl": true
            }
        ]
    },
    "default": {
        "grpcio": {
            "hashes": [
                "sha256:0e6f9f6a0f4f4ee3710f589bbc7877de9963ab0c66302b4326a57bf54f3a4a78",
                "sha256:0f36d9b661bc069a4f638dbaddcb29396c19271edfe118afe93758b5f3298796",
                "sha256:1410ceda350a06cfd114d248bca28fee2480de00c604ca4377ceecaff6432721",
                "sha256:179e4b98572e9e02e5fdca341d9c0a6f1cb71c449c394b5e449355b36e97b193",
                "sha256:19e8224b8dc8892d2e7f5abe4b6e557a130d931a589051194384701558265cbe",
                "sha256:1b51b6c34da2e2f3276e596a6f06df9ab17106d678f230f41de8df5c3fdbe581",
                "sha256:1ed85b55c847ac96bcd81572796f3d0494f8e20928c7d93825e42e4b5cc58378",
                "sha256:20b70fd6c9adcecf5936398b1f96f74176fb9dee98011a9a28ce9528b3639038",
                "sha256:28c87cf72020d1bee1e845637ac17518970cf8f5c404d11c85393fc4ec664aca",
                "sha256:2a257fce2c8096381e02c952edc99df4a609b39dae55775c0440cad5915de533",
                "sha256:2a892002e9e9af6dced15c07c8eaceb485bec2c85887e70e6608c11fcb0dfc6d",
                "sha256:3a5677dac1cc4e340c0b536638acdb9e0610e6eec645106fc79246687e8126f7",
                "sha256:3d48feca2b4585fa5fa0d17af0cb1d262eded77ae5fbfc3dac2a98eadc5668b1",
                "sha256:40f64f2c10ff309eeac27d5aadd2ad068ff15660002efd1df61a3c45a85e4001",
                "sha256:476fa89a6c24ba47a2ea6aa3b01d86200c5cfd1eaef375b20bea9f96fb43cfe9",
                "sha256:47e6d5cb45420b3e4d5381d5df368c8d82df9831a51fb2206f4ceee287e5b173",
                "sha256:563973286a6119671f8d9b9a4a6c7c8bcfb270a44de05d2b81e761cafb35c02b",
                "sha256:5c47dd6a6a04ce3704fe46a38bd761f766586aa93b679906cf4592ce8d5375d8",
                "sha256:60f54e29d98c5c0e438d590a485608d615dae0ae5159ba71599bdf9f5aba4088",
                "sha256:625184a6ff28d4ec0fa0729ff181185264a9ab550a35aba30154f07e2d369e7a",
                "sha256:66140adc1a691956afa60dd83540d10e1f95287f85c5808a5d8ebf13f42a573f",
                "sha256:67c502e6675607103800088b022b7f6da271bc2e180a53b19b892cac2d1839f0",
                "sha256:734fd41795c5c41104c8c9ebac53bc97b31cf7029afe47f797dc12aad4bae237",
                "sha256:7f7b3806465060a2cec6a05d7f5a76152593ef89d4c9c48f1f79a1dbc65e7202",
                "sha256:81d0e09bcda3c0cdc9fd5ab5d470062c3f375c03350afbe7493fbb25bfa12c72",
                "sha256:8692aadd9edf43504b96cc818cd31a236ea09686068b64456066134a18c96656",
                "sha256:9b7e77bbd74c1ade0302977603c59a6feba1267c4f418626d0d79e7f0f38e6cd",
                "sha256:a7e6f7ce337653fbdab66f86363c56d6564178fa2cd0646e96a657b6c5312d7a",
                "sha256:b427d30387146e313362da4314c181a44168e45912d54b03aac07e7c1ebc43a0",
                "sha256:b4f4aa82c3e2062f3e5ca19356f386dccd9d8fcfab19fcb8e81da331e4d79e99",
                "sha256:c12be21c346a6439b8de46b97545932c88af43d06408800d0eed505d96a2eb99",
                "sha256:c9bf0ac70e1cea521666b304c68eda745c8227acdc78962fd7fa8592dbf672fd",
                "sha256:ca128d0cc225677b87af592acc21b1faf6f89b5f061e86d09c76215532f18571",
                "sha256:d0a7cd7f942bb3ab7474fad15304c15fc58e78297506c4773a0c7e1178d0fa6b",
                "sha256:d5f461b8db55cb15cbe1b08d1a42a0402e01b68601377c6d9565859bcc077365",
                "sha256:d9e3f783a758aa5db8aaeeec1bc9a1e650575b8a5f8c8f4355567d19a7d07c56",
                "sha256:db8633ea5f320a15beb4ce856206101306abf5fc682284fcce506cc5924ad56a",
                "sha256:dc8dde80ac29795703c546a6201a95bdd789ee10d4b6a795c2fb5029a2d971a6",
                "sha256:e218a24fd0fa0dc054c9f33356ac03b977ff0637d4aa5bac754263b5c0f80ea4",
                "sha256:e5cfc3ed37fd3750e1e2e1217717894f9c1c7450d25f605358e17b5dffac44f8",
                "sha256:e664b2d06b76fd1b3bae335cfb41084b4c36e2a4345dcdbd427487ca7011fe22",
                "sha256:ea82bb1c354f838575f83971fdb8edc4eb8efe55c057f219355b2e1f314ed6d5",
                "sha256:eb0e1064522b72d14f587f186d23fb9132574ba71efa81785abda45c0e6bf4f8",
                "sha256:f4af6e2895dcdc1b492506839a30df4b9dad9cf95fb0cef8e6277d7cfa4bead6",
                "sha256:f7ecddb86928a283594408009eeea32728f54e4312f6e673159222ca609e0434"
            ],
            "index": "pypi",
            "version": "==1.52.0rc1"
        },
        "grpcio-tools": {
            "hashes": [
                "sha256:0bdb56fe9b1b9546c93e63df7e4ebeba1ab0aed5f4e8bdd7a53ab6ae00c25552",
                "sha256:0e1e511811bd3df247e0a9831ecb6211c54d364f78a6ecaf76b648f34e4b2d98",
                "sha256:0fa109fa4467578f5748cf0d4dfcebb2a71d0e2c1f299e75197427c022ff115e",
                "sha256:166dba00acf83922898872a216d723161035467f5649955601008d52f228b50c",
                "sha256:18b9a6798f6d7f9a8bf9e081f7f9468bf55bccc78a37c1a9b3aea1a3ee1ecaf5",
                "sha256:1b3a0d8bdcc93a84fb7391f2eca5e0d0eeef407c78d774113610b39aef137921",
                "sha256:1cfa6dff56602504b245d664a4bd8cf299d1fb305b2fe7e00f5841bdcf8354cc",
                "sha256:213c80c58da8f0389a3e1ebdb7f0f57a184cbb999f8f42cf204de47f78d24360",
                "sha256:2ca2b64e8b3aac2307ee90f45bec1cc9589075399d51a4cca8de4ec100936b84",
                "sha256:2f59f73d094b9462905e5ae002424149a31ac51a2d8a851565ab8fa860b769ab",
                "sha256:37149b437047662941c303dd4d3b518a6cac3b125230f0f1d42d800bc326b569",
                "sha256:3758be0de59915efceaa2dd2893a3e4e14e1d3ce2fecab1faeb0b1f69392733a",
                "sha256:3bbd013965fc74fd0c583948b56e72254d50985d28aec2f40cfeb994381a85f1",
                "sha256:417186aebbfbb2a5507b2cfa008ffc6485f4825b50de2790c38cdf0ca90b7403",
                "sha256:4559721607142940dfc9e0c1160c410f1a4d6e81264ba5f02b8492732931c97e",
                "sha256:4769aa0208943dfe540523f4651a17218a7362f901003dd7782799390569a93f",
                "sha256:4c29eb44b5d72d5ead3a5355794e115336f98e291248ec63d66afbf0a80c19be",
                "sha256:5a074231cc2f73e684750e80c285d0ff4067eaa2bff25ed527aa8d2bc7eddf35",
                "sha256:5a807ea6cb9d87568feb01cd479087ae6fa9cd137fa3109c379d80b2e6c67ea1",
                "sha256:5aa9556b8e317cbddd48dcc71aa38041dce6fe2754a0a9d66e5ef5dc3cfecebe",
                "sha256:5f71819748d60a15e1a0df9694285392e47618286de17ea2093f2d6ef403adb8",
                "sha256:6c94c85830addc6406b9c3d4757440574798d2398a690568e30caf5e0465e1ee",
                "sha256:6f729d368b708e656aaefe225a071f0dd3421f3df772a22ea15d9a73bcd26ef8",
                "sha256:8029312d655673c5f0cbbe3ac4cb3df4bbf72ccd0c3e540d3a88ea05261ece64",
                "sha256:818805d9efea07d4fd28c5be0dd7d573fe1f7b6f59f0cafc4609cbba01ad39b9",
                "sha256:891712c53823f229aa94aacedb3ad15babde4a281456acc9cbc8a73b6869da14",
                "sha256:8b0f4317ad8adb0771eb915eb7bd030f168fdae459bc0c0a41fbb5f82cf2a239",
                "sha256:943151d0078fa1165768975824773b97752dfad0210049400e88c8d1bf1b625e",
                "sha256:9504b93d39d270d85a9e1de3724c23b7ac9a0cb53b212313a477fc2144b521a1",
                "sha256:a48dcc90380a2f7260ba8e67746fc2aac39d37b441e1c9d86709cd6f93b47db7",
                "sha256:a56da4ec876f38abf59c935487ba19cba9c0163f536f42684ebe68bf879ae444",
                "sha256:aa74ffd5058fdae0e911597d0024467e31e82b9115627541cd4de67f5d0b6eae",
                "sha256:b02f415633107f5a4ba575bad9a1632de5e3bc6e727d9fc56e4334f0f93ad9a2",
                "sha256:b3a157b07248ebf89c1726c48a5984974d05172d46ac7f2bc4e05df996161047",
                "sha256:b9c011babd39e82b59c29beccc43d4213c7b3244e65b1278b00606b2437af0ad",
                "sha256:bad55bd68ca4dd9f32646ef35a3ed44950dba57ed0860a994465906cd0a0ca20",
                "sha256:c0a059ca20a47fa85285c255b01dd78daa517d5da966515ab5fcca8cd6d2fcfe",
                "sha256:c33c3072a6e400d7b0baada5a2d6e4ead69def4d6618afc7d74e58487a211b62",
                "sha256:c6a8fb07fe6c17c99fdd86d79cd824a1d0c4fc1acbc2ee6390f5359add22b35d",
                "sha256:ca7ae25d7608a274f0bcdb89dbe6b4bdeaeee1191fd985fa567805d724a939e9",
                "sha256:db6a54acd13e91cb65494198d07c21bd633e8e87f610a2db628229a4863485c1",
                "sha256:e8aca03c4922253df83bdcd9b4e704db618d6801b079470299070ad30a235a6d",
                "sha256:ed123ce374d521ced1519e99dcf363a64ea96c4d76832a49a16b12b49ebae956",
                "sha256:f203c29972ed6d9a99130be06bbd3430a26df9668bf98cb8fb56b7a526ef623f",
                "sha256:fdccc310efb46fc6ed8972820234500914d91a3e189ce1685f8d48f2b775d7b1"
            ],
            "index": "pypi",
            "version": "==1.52.0rc1"
        },
        "load-dotenv": {
            "hashes": [
                "sha256:614803f720153fb8a5f97124a72aaa3930a67aa5547cbe8603d01ea7f9ac1adf",
                "sha256:bbe5f40072d4a61eadca66de6c222df5a2d935d6d41b703be1ff75396f635145"
            ],
            "index": "pypi",
            "version": "==0.1.0"
        },
        "protobuf": {
            "hashes": [
                "sha256:1669cb7524221a8e2d9008d0842453dbefdd0fcdd64d67672f657244867635fb",
                "sha256:29288813aacaa302afa2381db1d6e0482165737b0afdf2811df5fa99185c457b",
                "sha256:47d31bdf58222dd296976aa1646c68c6ee80b96d22e0a3c336c9174e253fd35e",
                "sha256:652d8dfece122a24d98eebfef30e31e455d300efa41999d1182e015984ac5930",
                "sha256:7c535d126e7dcc714105ab20b418c4fedbd28f8b8afc42b7350b1e317bbbcc71",
                "sha256:86c3d20428b007537ba6792b475c0853bba7f66b1f60e610d913b77d94b486e4",
                "sha256:a33a273d21852f911b8bda47f39f4383fe7c061eb1814db2c76c9875c89c2491",
                "sha256:ab4d043865dd04e6b09386981fe8f80b39a1e46139fb4a3c206229d6b9f36ff6",
                "sha256:b2fea9dc8e3c0f32c38124790ef16cba2ee0628fe2022a52e435e1117bfef9b1",
                "sha256:c27f371f0159feb70e6ea52ed7e768b3f3a4c5676c1900a7e51a24740381650e",
                "sha256:c3325803095fb4c2a48649c321d2fbde59f8fbfcb9bfc7a86df27d112831c571",
                "sha256:e474b63bab0a2ea32a7b26a4d8eec59e33e709321e5e16fb66e766b61b82a95e",
                "sha256:e894e9ae603e963f0842498c4cd5d39c6a60f0d7e4c103df50ee939564298658"
            ],
            "markers": "python_version >= '3.7'",
            "version": "==4.22.0"
        },
        "psycopg2": {
            "hashes": [
                "sha256:093e3894d2d3c592ab0945d9eba9d139c139664dcf83a1c440b8a7aa9bb21955",
                "sha256:190d51e8c1b25a47484e52a79638a8182451d6f6dff99f26ad9bd81e5359a0fa",
                "sha256:1a5c7d7d577e0eabfcf15eb87d1e19314c8c4f0e722a301f98e0e3a65e238b4e",
                "sha256:1e5a38aa85bd660c53947bd28aeaafb6a97d70423606f1ccb044a03a1203fe4a",
                "sha256:322fd5fca0b1113677089d4ebd5222c964b1760e361f151cbb2706c4912112c5",
                "sha256:4cb9936316d88bfab614666eb9e32995e794ed0f8f6b3b718666c22819c1d7ee",
                "sha256:920bf418000dd17669d2904472efeab2b20546efd0548139618f8fa305d1d7ad",
                "sha256:922cc5f0b98a5f2b1ff481f5551b95cd04580fd6f0c72d9b22e6c0145a4840e0",
                "sha256:a5246d2e683a972e2187a8714b5c2cf8156c064629f9a9b1a873c1730d9e245a",
                "sha256:b9ac1b0d8ecc49e05e4e182694f418d27f3aedcfca854ebd6c05bb1cffa10d6d",
                "sha256:d3ef67e630b0de0779c42912fe2cbae3805ebaba30cda27fea2a3de650a9414f",
                "sha256:f5b6320dbc3cf6cfb9f25308286f9f7ab464e65cfb105b64cc9c52831748ced2",
                "sha256:fc04dd5189b90d825509caa510f20d1d504761e78b8dfb95a0ede180f71d50e5"
            ],
            "index": "pypi",
            "version": "==2.9.5"
        },
        "python-dotenv": {
            "hashes": [
                "sha256:a8df96034aae6d2d50a4ebe8216326c61c3eb64836776504fcca410e5937a3ba",
                "sha256:f5971a9226b701070a4bf2c38c89e5a3f0d64de8debda981d1db98583009122a"
            ],
            "markers": "python_version >= '3.8'",
            "version": "==1.0.0"
        },
        "setuptools": {
            "hashes": [
                "sha256:e5fd0a713141a4a105412233c63dc4e17ba0090c8e8334594ac790ec97792330",
                "sha256:f106dee1b506dee5102cc3f3e9e68137bbad6d47b616be7991714b0c62204251"
            ],
            "markers": "python_version >= '3.7'",
            "version": "==67.4.0"
        },
        "sqlalchemy": {
            "hashes": [
                "sha256:011ef3c33f30bae5637c575f30647e0add98686642d237f0c3a1e3d9b35747fa",
                "sha256:0adca8a3ca77234a142c5afed29322fb501921f13d1d5e9fa4253450d786c160",
                "sha256:1644c603558590f465b3fa16e4557d87d3962bc2c81fd7ea85b582ecf4676b31",
                "sha256:2267c004e78e291bba0dc766a9711c389649cf3e662cd46eec2bc2c238c637bd",
                "sha256:25e4e54575f9d2af1eab82d3a470fca27062191c48ee57b6386fe09a3c0a6a33",
                "sha256:2a2f9120eb32190bdba31d1022181ef08f257aed4f984f3368aa4e838de72bc0",
                "sha256:2c82395e2925639e6d320592943608070678e7157bd1db2672a63be9c7889434",
                "sha256:3f927340b37fe65ec42e19af7ce15260a73e11c6b456febb59009bfdfec29a35",
                "sha256:54aa9f40d88728dd058e951eeb5ecc55241831ba4011e60c641738c1da0146b7",
                "sha256:57dcd9eed52413f7270b22797aa83c71b698db153d1541c1e83d45ecdf8e95e7",
                "sha256:582053571125895d008d4b8d9687d12d4bd209c076cdbab3504da307e2a0a2bd",
                "sha256:59cf0cdb29baec4e074c7520d7226646a8a8f856b87d8300f3e4494901d55235",
                "sha256:6363697c938b9a13e07f1bc2cd433502a7aa07efd55b946b31d25b9449890621",
                "sha256:662a79e80f3e9fe33b7861c19fedf3d8389fab2413c04bba787e3f1139c22188",
                "sha256:67901b91bf5821482fcbe9da988cb16897809624ddf0fde339cd62365cc50032",
                "sha256:679b9bd10bb32b8d3befed4aad4356799b6ec1bdddc0f930a79e41ba5b084124",
                "sha256:738c80705e11c1268827dbe22c01162a9cdc98fc6f7901b429a1459db2593060",
                "sha256:77a380bf8721b416782c763e0ff66f80f3b05aee83db33ddfc0eac20bcb6791f",
                "sha256:77d05773d5c79f2d3371d81697d54ee1b2c32085ad434ce9de4482e457ecb018",
                "sha256:817aab80f7e8fe581696dae7aaeb2ceb0b7ea70ad03c95483c9115970d2a9b00",
                "sha256:81f1ea264278fcbe113b9a5840f13a356cb0186e55b52168334124f1cd1bc495",
                "sha256:8a88b32ce5b69d18507ffc9f10401833934ebc353c7b30d1e056023c64f0a736",
                "sha256:8ff0a7c669ec7cdb899eae7e622211c2dd8725b82655db2b41740d39e3cda466",
                "sha256:918c2b553e3c78268b187f70983c9bc6f91e451a4f934827e9c919e03d258bd7",
                "sha256:954f1ad73b78ea5ba5a35c89c4a5dfd0f3a06c17926503de19510eb9b3857bde",
                "sha256:95a18e1a6af2114dbd9ee4f168ad33070d6317e11bafa28d983cc7b585fe900b",
                "sha256:9946ee503962859f1a9e1ad17dff0859269b0cb453686747fe87f00b0e030b34",
                "sha256:9a7ecaf90fe9ec8e45c86828f4f183564b33c9514e08667ca59e526fea63893a",
                "sha256:a42e6831e82dfa6d16b45f0c98c69e7b0defc64d76213173456355034450c414",
                "sha256:b01dce097cf6f145da131a53d4cce7f42e0bfa9ae161dd171a423f7970d296d0",
                "sha256:b5deafb4901618b3f98e8df7099cd11edd0d1e6856912647e28968b803de0dae",
                "sha256:b67d6e626caa571fb53accaac2fba003ef4f7317cb3481e9ab99dad6e89a70d6",
                "sha256:c1e8edc49b32483cd5d2d015f343e16be7dfab89f4aaf66b0fa6827ab356880d",
                "sha256:c621f05859caed5c0aab032888a3d3bde2cae3988ca151113cbecf262adad976",
                "sha256:ce54965a94673a0ebda25e7c3a05bf1aa74fd78cc452a1a710b704bf73fb8402",
                "sha256:d8efdda920988bcade542f53a2890751ff680474d548f32df919a35a21404e3f",
                "sha256:dc7b9f55c2f72c13b2328b8a870ff585c993ba1b5c155ece5c9d3216fa4b18f6",
                "sha256:dd801375f19a6e1f021dabd8b1714f2fdb91cbc835cd13b5dd0bd7e9860392d7",
                "sha256:f342057422d6bcfdd4996e34cd5c7f78f7e500112f64b113f334cdfc6a0c593d",
                "sha256:f696828784ab2c07b127bfd2f2d513f47ec58924c29cff5b19806ac37acee31c",
                "sha256:fdb2686eb01f670cdc6c43f092e333ff08c1cf0b646da5256c1237dc4ceef4ae"
            ],
            "index": "pypi",
            "version": "==2.0.4"
        },
        "typing-extensions": {
            "hashes": [
                "sha256:5cb5f4a79139d699607b3ef622a1dedafa84e115ab0024e0d9c044a9479ca7cb",
                "sha256:fb33085c39dd998ac16d1431ebc293a8b3eedd00fd4a32de0ff79002c19511b4"
            ],
            "markers": "python_version >= '3.7'",
            "version": "==4.5.0"
        }
    },
    "develop": {
        "black": {
            "hashes": [
                "sha256:0052dba51dec07ed029ed61b18183942043e00008ec65d5028814afaab9a22fd",
                "sha256:0680d4380db3719ebcfb2613f34e86c8e6d15ffeabcf8ec59355c5e7b85bb555",
                "sha256:121ca7f10b4a01fd99951234abdbd97728e1240be89fde18480ffac16503d481",
                "sha256:162e37d49e93bd6eb6f1afc3e17a3d23a823042530c37c3c42eeeaf026f38468",
                "sha256:2a951cc83ab535d248c89f300eccbd625e80ab880fbcfb5ac8afb5f01a258ac9",
                "sha256:2bf649fda611c8550ca9d7592b69f0637218c2369b7744694c5e4902873b2f3a",
                "sha256:382998821f58e5c8238d3166c492139573325287820963d2f7de4d518bd76958",
                "sha256:49f7b39e30f326a34b5c9a4213213a6b221d7ae9d58ec70df1c4a307cf2a1580",
                "sha256:57c18c5165c1dbe291d5306e53fb3988122890e57bd9b3dcb75f967f13411a26",
                "sha256:7a0f701d314cfa0896b9001df70a530eb2472babb76086344e688829efd97d32",
                "sha256:8178318cb74f98bc571eef19068f6ab5613b3e59d4f47771582f04e175570ed8",
                "sha256:8b70eb40a78dfac24842458476135f9b99ab952dd3f2dab738c1881a9b38b753",
                "sha256:9880d7d419bb7e709b37e28deb5e68a49227713b623c72b2b931028ea65f619b",
                "sha256:9afd3f493666a0cd8f8df9a0200c6359ac53940cbde049dcb1a7eb6ee2dd7074",
                "sha256:a29650759a6a0944e7cca036674655c2f0f63806ddecc45ed40b7b8aa314b651",
                "sha256:a436e7881d33acaf2536c46a454bb964a50eff59b21b51c6ccf5a40601fbef24",
                "sha256:a59db0a2094d2259c554676403fa2fac3473ccf1354c1c63eccf7ae65aac8ab6",
                "sha256:a8471939da5e824b891b25751955be52ee7f8a30a916d570a5ba8e0f2eb2ecad",
                "sha256:b0bd97bea8903f5a2ba7219257a44e3f1f9d00073d6cc1add68f0beec69692ac",
                "sha256:b6a92a41ee34b883b359998f0c8e6eb8e99803aa8bf3123bf2b2e6fec505a221",
                "sha256:bb460c8561c8c1bec7824ecbc3ce085eb50005883a6203dcfb0122e95797ee06",
                "sha256:bfffba28dc52a58f04492181392ee380e95262af14ee01d4bc7bb1b1c6ca8d27",
                "sha256:c1c476bc7b7d021321e7d93dc2cbd78ce103b84d5a4cf97ed535fbc0d6660648",
                "sha256:c91dfc2c2a4e50df0026f88d2215e166616e0c80e86004d0003ece0488db2739",
                "sha256:e6663f91b6feca5d06f2ccd49a10f254f9298cc1f7f49c46e498a0771b507104"
            ],
            "index": "pypi",
            "version": "==23.1.0"
        },
        "click": {
            "hashes": [
                "sha256:7682dc8afb30297001674575ea00d1814d808d6a36af415a82bd481d37ba7b8e",
                "sha256:bb4d8133cb15a609f44e8213d9b391b0809795062913b383c62be0ee95b1db48"
            ],
            "markers": "python_version >= '3.7'",
            "version": "==8.1.3"
        },
        "mypy-extensions": {
            "hashes": [
                "sha256:4392f6c0eb8a5668a69e23d168ffa70f0be9ccfd32b5cc2d26a34ae5b844552d",
                "sha256:75dbf8955dc00442a438fc4d0666508a9a97b6bd41aa2f0ffe9d2f2725af0782"
            ],
            "markers": "python_version >= '3.5'",
            "version": "==1.0.0"
        },
        "packaging": {
            "hashes": [
                "sha256:714ac14496c3e68c99c29b00845f7a2b85f3bb6f1078fd9f72fd20f0570002b2",
                "sha256:b6ad297f8907de0fa2fe1ccbd26fdaf387f5f47c7275fedf8cce89f99446cf97"
            ],
            "markers": "python_version >= '3.7'",
            "version": "==23.0"
        },
        "pathspec": {
            "hashes": [
                "sha256:3a66eb970cbac598f9e5ccb5b2cf58930cd8e3ed86d393d541eaf2d8b1705229",
                "sha256:64d338d4e0914e91c1792321e6907b5a593f1ab1851de7fc269557a21b30ebbc"
            ],
            "markers": "python_version >= '3.7'",
            "version": "==0.11.0"
        },
        "platformdirs": {
            "hashes": [
                "sha256:8a1228abb1ef82d788f74139988b137e78692984ec7b08eaa6c65f1723af28f9",
                "sha256:b1d5eb14f221506f50d6604a561f4c5786d9e80355219694a1b244bcd96f4567"
            ],
            "markers": "python_version >= '3.7'",
            "version": "==3.0.0"
        },
        "tomli": {
            "hashes": [
                "sha256:939de3e7a6161af0c887ef91b7d41a53e7c5a1ca976325f429cb46ea9bc30ecc",
                "sha256:de526c12914f0c550d15924c62d72abc48d6fe7364aa87328337a31007fe8a4f"
            ],
            "markers": "python_version < '3.11'",
            "version": "==2.0.1"
        }
    }
}
